
Microsoft Visual Studio Solution File, Format Version 12.00
# Visual Studio Version 16
VisualStudioVersion = 16.0.30011.22
MinimumVisualStudioVersion = 10.0.40219.1
Project("{9A19103F-16F7-4668-BE54-9A1E7A4F7556}") = "DatingApp.API", "DatingApp.API.csproj", "{8FFB27AE-BD65-4123-8732-A6C077330A38}"
EndProject
Global
	GlobalSection(SolutionConfigurationPlatforms) = preSolution
		Debug|Any CPU = Debug|Any CPU
		Release|Any CPU = Release|Any CPU
	EndGlobalSection
	GlobalSection(ProjectConfigurationPlatforms) = postSolution
		{8FFB27AE-BD65-4123-8732-A6C077330A38}.Debug|Any CPU.ActiveCfg = Debug|Any CPU
		{8FFB27AE-BD65-4123-8732-A6C077330A38}.Debug|Any CPU.Build.0 = Debug|Any CPU
		{8FFB27AE-BD65-4123-8732-A6C077330A38}.Release|Any CPU.ActiveCfg = Release|Any CPU
		{8FFB27AE-BD65-4123-8732-A6C077330A38}.Release|Any CPU.Build.0 = Release|Any CPU
	EndGlobalSection
	GlobalSection(SolutionProperties) = preSolution
		HideSolutionNode = FALSE
	EndGlobalSection
	GlobalSection(ExtensibilityGlobals) = postSolution
		SolutionGuid = {90B3610C-78BB-46AB-A0BA-92D626FEFA73}
	EndGlobalSection
EndGlobal
