
Microsoft Visual Studio Solution File, Format Version 12.00
# Visual Studio Version 16
VisualStudioVersion = 16.0.29806.167
MinimumVisualStudioVersion = 10.0.40219.1
Project("{FAE04EC0-301F-11D3-BF4B-00C04F79EFBC}") = "Paycompute", "Paycompute\Paycompute.csproj", "{8808B31F-EE35-4DED-8E5E-7B03EF3FD4C0}"
EndProject
Project("{FAE04EC0-301F-11D3-BF4B-00C04F79EFBC}") = "Paycompute.Entity", "Paycompute.Entity\Paycompute.Entity.csproj", "{539CDEFB-F446-4A83-9F90-A5FCBA1BD556}"
EndProject
Project("{FAE04EC0-301F-11D3-BF4B-00C04F79EFBC}") = "Paycompute.Persistence", "Paycompute.Persistence\Paycompute.Persistence.csproj", "{07B07B3A-36F2-412C-AC54-90AF7B63B287}"
EndProject
Project("{FAE04EC0-301F-11D3-BF4B-00C04F79EFBC}") = "Paycompute.Services", "Paycompute.Services\Paycompute.Services.csproj", "{9B946F55-E6DE-4A3A-ACB5-DC6DE56EF5F4}"
EndProject
Global
	GlobalSection(SolutionConfigurationPlatforms) = preSolution
		Debug|Any CPU = Debug|Any CPU
		Release|Any CPU = Release|Any CPU
	EndGlobalSection
	GlobalSection(ProjectConfigurationPlatforms) = postSolution
		{8808B31F-EE35-4DED-8E5E-7B03EF3FD4C0}.Debug|Any CPU.ActiveCfg = Debug|Any CPU
		{8808B31F-EE35-4DED-8E5E-7B03EF3FD4C0}.Debug|Any CPU.Build.0 = Debug|Any CPU
		{8808B31F-EE35-4DED-8E5E-7B03EF3FD4C0}.Release|Any CPU.ActiveCfg = Release|Any CPU
		{8808B31F-EE35-4DED-8E5E-7B03EF3FD4C0}.Release|Any CPU.Build.0 = Release|Any CPU
		{539CDEFB-F446-4A83-9F90-A5FCBA1BD556}.Debug|Any CPU.ActiveCfg = Debug|Any CPU
		{539CDEFB-F446-4A83-9F90-A5FCBA1BD556}.Debug|Any CPU.Build.0 = Debug|Any CPU
		{539CDEFB-F446-4A83-9F90-A5FCBA1BD556}.Release|Any CPU.ActiveCfg = Release|Any CPU
		{539CDEFB-F446-4A83-9F90-A5FCBA1BD556}.Release|Any CPU.Build.0 = Release|Any CPU
		{07B07B3A-36F2-412C-AC54-90AF7B63B287}.Debug|Any CPU.ActiveCfg = Debug|Any CPU
		{07B07B3A-36F2-412C-AC54-90AF7B63B287}.Debug|Any CPU.Build.0 = Debug|Any CPU
		{07B07B3A-36F2-412C-AC54-90AF7B63B287}.Release|Any CPU.ActiveCfg = Release|Any CPU
		{07B07B3A-36F2-412C-AC54-90AF7B63B287}.Release|Any CPU.Build.0 = Release|Any CPU
		{9B946F55-E6DE-4A3A-ACB5-DC6DE56EF5F4}.Debug|Any CPU.ActiveCfg = Debug|Any CPU
		{9B946F55-E6DE-4A3A-ACB5-DC6DE56EF5F4}.Debug|Any CPU.Build.0 = Debug|Any CPU
		{9B946F55-E6DE-4A3A-ACB5-DC6DE56EF5F4}.Release|Any CPU.ActiveCfg = Release|Any CPU
		{9B946F55-E6DE-4A3A-ACB5-DC6DE56EF5F4}.Release|Any CPU.Build.0 = Release|Any CPU
	EndGlobalSection
	GlobalSection(SolutionProperties) = preSolution
		HideSolutionNode = FALSE
	EndGlobalSection
	GlobalSection(ExtensibilityGlobals) = postSolution
		SolutionGuid = {F63EB0B9-7B2B-4FE9-84E9-A3580EB9A5AA}
	EndGlobalSection
EndGlobal
