
Microsoft Visual Studio Solution File, Format Version 12.00
# Visual Studio Version 16
VisualStudioVersion = 16.0.29806.167
MinimumVisualStudioVersion = 10.0.40219.1
Project("{FAE04EC0-301F-11D3-BF4B-00C04F79EFBC}") = "Paycompute", "Paycompute\Paycompute.csproj", "{58B489BB-4599-4A0E-8413-0EF8D300B17B}"
EndProject
Project("{FAE04EC0-301F-11D3-BF4B-00C04F79EFBC}") = "Paycompute.Services", "Paycompute.Services\Paycompute.Services.csproj", "{4B7D4E72-0096-4B91-B5B7-B3F65AC07A28}"
EndProject
Project("{FAE04EC0-301F-11D3-BF4B-00C04F79EFBC}") = "Paycompute.Persistence", "Paycompute.Persistence\Paycompute.Persistence.csproj", "{321351A4-4E2A-4C06-B142-F86A28FE3FA0}"
EndProject
Project("{FAE04EC0-301F-11D3-BF4B-00C04F79EFBC}") = "Paycompute.Entity", "Paycompute.Entity\Paycompute.Entity.csproj", "{C132EEF4-A6C4-4FD9-9A7E-DD80272FEAD4}"
EndProject
Global
	GlobalSection(SolutionConfigurationPlatforms) = preSolution
		Debug|Any CPU = Debug|Any CPU
		Release|Any CPU = Release|Any CPU
	EndGlobalSection
	GlobalSection(ProjectConfigurationPlatforms) = postSolution
		{58B489BB-4599-4A0E-8413-0EF8D300B17B}.Debug|Any CPU.ActiveCfg = Debug|Any CPU
		{58B489BB-4599-4A0E-8413-0EF8D300B17B}.Debug|Any CPU.Build.0 = Debug|Any CPU
		{58B489BB-4599-4A0E-8413-0EF8D300B17B}.Release|Any CPU.ActiveCfg = Release|Any CPU
		{58B489BB-4599-4A0E-8413-0EF8D300B17B}.Release|Any CPU.Build.0 = Release|Any CPU
		{4B7D4E72-0096-4B91-B5B7-B3F65AC07A28}.Debug|Any CPU.ActiveCfg = Debug|Any CPU
		{4B7D4E72-0096-4B91-B5B7-B3F65AC07A28}.Debug|Any CPU.Build.0 = Debug|Any CPU
		{4B7D4E72-0096-4B91-B5B7-B3F65AC07A28}.Release|Any CPU.ActiveCfg = Release|Any CPU
		{4B7D4E72-0096-4B91-B5B7-B3F65AC07A28}.Release|Any CPU.Build.0 = Release|Any CPU
		{321351A4-4E2A-4C06-B142-F86A28FE3FA0}.Debug|Any CPU.ActiveCfg = Debug|Any CPU
		{321351A4-4E2A-4C06-B142-F86A28FE3FA0}.Debug|Any CPU.Build.0 = Debug|Any CPU
		{321351A4-4E2A-4C06-B142-F86A28FE3FA0}.Release|Any CPU.ActiveCfg = Release|Any CPU
		{321351A4-4E2A-4C06-B142-F86A28FE3FA0}.Release|Any CPU.Build.0 = Release|Any CPU
		{C132EEF4-A6C4-4FD9-9A7E-DD80272FEAD4}.Debug|Any CPU.ActiveCfg = Debug|Any CPU
		{C132EEF4-A6C4-4FD9-9A7E-DD80272FEAD4}.Debug|Any CPU.Build.0 = Debug|Any CPU
		{C132EEF4-A6C4-4FD9-9A7E-DD80272FEAD4}.Release|Any CPU.ActiveCfg = Release|Any CPU
		{C132EEF4-A6C4-4FD9-9A7E-DD80272FEAD4}.Release|Any CPU.Build.0 = Release|Any CPU
	EndGlobalSection
	GlobalSection(SolutionProperties) = preSolution
		HideSolutionNode = FALSE
	EndGlobalSection
	GlobalSection(ExtensibilityGlobals) = postSolution
		SolutionGuid = {CD01E670-2F4A-4E09-8FAE-FB80280CA2E6}
	EndGlobalSection
EndGlobal
